
Microsoft Visual Studio Solution File, Format Version 12.00
# Visual Studio Version 17
VisualStudioVersion = 17.10.35027.167
MinimumVisualStudioVersion = 10.0.40219.1
Project("{FAE04EC0-301F-11D3-BF4B-00C04F79EFBC}") = "Rest-BasicSystemService", "Rest-BasicSystemService\Rest-BasicSystemService.csproj", "{A3790824-04E0-4B84-A16F-3081B88D7868}"
EndProject
Global
	GlobalSection(SolutionConfigurationPlatforms) = preSolution
		Debug|Any CPU = Debug|Any CPU
		Release|Any CPU = Release|Any CPU
	EndGlobalSection
	GlobalSection(ProjectConfigurationPlatforms) = postSolution
		{A3790824-04E0-4B84-A16F-3081B88D7868}.Debug|Any CPU.ActiveCfg = Debug|Any CPU
		{A3790824-04E0-4B84-A16F-3081B88D7868}.Debug|Any CPU.Build.0 = Debug|Any CPU
		{A3790824-04E0-4B84-A16F-3081B88D7868}.Release|Any CPU.ActiveCfg = Release|Any CPU
		{A3790824-04E0-4B84-A16F-3081B88D7868}.Release|Any CPU.Build.0 = Release|Any CPU
	EndGlobalSection
	GlobalSection(SolutionProperties) = preSolution
		HideSolutionNode = FALSE
	EndGlobalSection
	GlobalSection(ExtensibilityGlobals) = postSolution
		SolutionGuid = {4DA3ABA6-7300-4FCC-8346-01851CD38C9E}
	EndGlobalSection
EndGlobal
